
Microsoft Visual Studio Solution File, Format Version 12.00
# Visual Studio Version 16
VisualStudioVersion = 16.0.31205.134
MinimumVisualStudioVersion = 10.0.40219.1
Project("{9A19103F-16F7-4668-BE54-9A1E7A4F7556}") = "BankApp.Commons", "BankApp.Commons\BankApp.Commons.csproj", "{422B4B29-2A26-4F05-A5FD-43EA1143696A}"
EndProject
Project("{9A19103F-16F7-4668-BE54-9A1E7A4F7556}") = "BankApp.Core", "BankApp.Core\BankApp.Core.csproj", "{D7A7F4FC-2CA4-4B78-B7EF-1CC09A471D74}"
EndProject
Project("{9A19103F-16F7-4668-BE54-9A1E7A4F7556}") = "BankApp.Data", "BankApp.Data\BankApp.Data.csproj", "{3FF42E99-6DEE-43AE-A4DF-F4935F754368}"
EndProject
Project("{9A19103F-16F7-4668-BE54-9A1E7A4F7556}") = "BankApp.Models", "BankApp.Models\BankApp.Models.csproj", "{79EC8DE7-CD2B-4B08-9409-764C1613324E}"
EndProject
Project("{9A19103F-16F7-4668-BE54-9A1E7A4F7556}") = "BankApp.UI", "BankApp.UI\BankApp.UI.csproj", "{C2054133-C943-4ECA-BA7D-663A0CE058D9}"
EndProject
Project("{FAE04EC0-301F-11D3-BF4B-00C04F79EFBC}") = "BankApp.Tests", "BankApp.Tests\BankApp.Tests.csproj", "{8B283849-E0F0-4FB6-98E3-E390150205F7}"
EndProject
Global
	GlobalSection(SolutionConfigurationPlatforms) = preSolution
		Debug|Any CPU = Debug|Any CPU
		Release|Any CPU = Release|Any CPU
	EndGlobalSection
	GlobalSection(ProjectConfigurationPlatforms) = postSolution
		{422B4B29-2A26-4F05-A5FD-43EA1143696A}.Debug|Any CPU.ActiveCfg = Debug|Any CPU
		{422B4B29-2A26-4F05-A5FD-43EA1143696A}.Debug|Any CPU.Build.0 = Debug|Any CPU
		{422B4B29-2A26-4F05-A5FD-43EA1143696A}.Release|Any CPU.ActiveCfg = Release|Any CPU
		{422B4B29-2A26-4F05-A5FD-43EA1143696A}.Release|Any CPU.Build.0 = Release|Any CPU
		{D7A7F4FC-2CA4-4B78-B7EF-1CC09A471D74}.Debug|Any CPU.ActiveCfg = Debug|Any CPU
		{D7A7F4FC-2CA4-4B78-B7EF-1CC09A471D74}.Debug|Any CPU.Build.0 = Debug|Any CPU
		{D7A7F4FC-2CA4-4B78-B7EF-1CC09A471D74}.Release|Any CPU.ActiveCfg = Release|Any CPU
		{D7A7F4FC-2CA4-4B78-B7EF-1CC09A471D74}.Release|Any CPU.Build.0 = Release|Any CPU
		{3FF42E99-6DEE-43AE-A4DF-F4935F754368}.Debug|Any CPU.ActiveCfg = Debug|Any CPU
		{3FF42E99-6DEE-43AE-A4DF-F4935F754368}.Debug|Any CPU.Build.0 = Debug|Any CPU
		{3FF42E99-6DEE-43AE-A4DF-F4935F754368}.Release|Any CPU.ActiveCfg = Release|Any CPU
		{3FF42E99-6DEE-43AE-A4DF-F4935F754368}.Release|Any CPU.Build.0 = Release|Any CPU
		{79EC8DE7-CD2B-4B08-9409-764C1613324E}.Debug|Any CPU.ActiveCfg = Debug|Any CPU
		{79EC8DE7-CD2B-4B08-9409-764C1613324E}.Debug|Any CPU.Build.0 = Debug|Any CPU
		{79EC8DE7-CD2B-4B08-9409-764C1613324E}.Release|Any CPU.ActiveCfg = Release|Any CPU
		{79EC8DE7-CD2B-4B08-9409-764C1613324E}.Release|Any CPU.Build.0 = Release|Any CPU
		{C2054133-C943-4ECA-BA7D-663A0CE058D9}.Debug|Any CPU.ActiveCfg = Debug|Any CPU
		{C2054133-C943-4ECA-BA7D-663A0CE058D9}.Debug|Any CPU.Build.0 = Debug|Any CPU
		{C2054133-C943-4ECA-BA7D-663A0CE058D9}.Release|Any CPU.ActiveCfg = Release|Any CPU
		{C2054133-C943-4ECA-BA7D-663A0CE058D9}.Release|Any CPU.Build.0 = Release|Any CPU
		{8B283849-E0F0-4FB6-98E3-E390150205F7}.Debug|Any CPU.ActiveCfg = Debug|Any CPU
		{8B283849-E0F0-4FB6-98E3-E390150205F7}.Debug|Any CPU.Build.0 = Debug|Any CPU
		{8B283849-E0F0-4FB6-98E3-E390150205F7}.Release|Any CPU.ActiveCfg = Release|Any CPU
		{8B283849-E0F0-4FB6-98E3-E390150205F7}.Release|Any CPU.Build.0 = Release|Any CPU
	EndGlobalSection
	GlobalSection(SolutionProperties) = preSolution
		HideSolutionNode = FALSE
	EndGlobalSection
	GlobalSection(ExtensibilityGlobals) = postSolution
		SolutionGuid = {10A3F18E-178B-4B6F-A828-CFBA89E419B9}
	EndGlobalSection
EndGlobal
